// !$*UTF8*$!
{
	archiveVersion = 1;
	classes = {
	};
	objectVersion = 50;
	objects = {

/* Begin PBXBuildFile section */
		3A292BCB21D35EF3002FFA97 /* UHairPowder.swift in Sources */ = {isa = PBXBuildFile; fileRef = 3A292BBB21D35EF3002FFA97 /* UHairPowder.swift */; };
		3A292BCC21D35EF3002FFA97 /* UIBarButtonItemFixSpace.swift in Sources */ = {isa = PBXBuildFile; fileRef = 3A292BBD21D35EF3002FFA97 /* UIBarButtonItemFixSpace.swift */; };
		3A292BCD21D35EF3002FFA97 /* UCollectionViewAlignedLayout.swift in Sources */ = {isa = PBXBuildFile; fileRef = 3A292BBF21D35EF3002FFA97 /* UCollectionViewAlignedLayout.swift */; };
		3A292BCE21D35EF3002FFA97 /* UCollectionViewSectionBackgroundLayout.swift in Sources */ = {isa = PBXBuildFile; fileRef = 3A292BC021D35EF3002FFA97 /* UCollectionViewSectionBackgroundLayout.swift */; };
		3A292BCF21D35EF3002FFA97 /* UEmptyDataSet.swift in Sources */ = {isa = PBXBuildFile; fileRef = 3A292BC221D35EF3002FFA97 /* UEmptyDataSet.swift */; };
		3A292BD321D3638A002FFA97 /* URefresh.swift in Sources */ = {isa = PBXBuildFile; fileRef = 3A292BD221D36389002FFA97 /* URefresh.swift */; };
		3A292BD621D363D8002FFA97 /* UNoticeBar.swift in Sources */ = {isa = PBXBuildFile; fileRef = 3A292BD521D363D8002FFA97 /* UNoticeBar.swift */; };
		3A292BDA21D36515002FFA97 /* ConstraintArray+Extensions.swift in Sources */ = {isa = PBXBuildFile; fileRef = 3A292BD821D36514002FFA97 /* ConstraintArray+Extensions.swift */; };
		3A292BDB21D36515002FFA97 /* ConstraintArrayDSL.swift in Sources */ = {isa = PBXBuildFile; fileRef = 3A292BD921D36514002FFA97 /* ConstraintArrayDSL.swift */; };
		3A292BE021D3654D002FFA97 /* ParallaxHeaderMode.swift in Sources */ = {isa = PBXBuildFile; fileRef = 3A292BDD21D3654C002FFA97 /* ParallaxHeaderMode.swift */; };
		3A292BE121D3654D002FFA97 /* UIScrollView+ParallaxHeader.swift in Sources */ = {isa = PBXBuildFile; fileRef = 3A292BDE21D3654C002FFA97 /* UIScrollView+ParallaxHeader.swift */; };
		3A292BE221D3654D002FFA97 /* ParallaxHeader.swift in Sources */ = {isa = PBXBuildFile; fileRef = 3A292BDF21D3654C002FFA97 /* ParallaxHeader.swift */; };
		3A292BE521D366BB002FFA97 /* UAPI.swift in Sources */ = {isa = PBXBuildFile; fileRef = 3A292BE421D366BB002FFA97 /* UAPI.swift */; };
		3A292BE821D36741002FFA97 /* UModel.swift in Sources */ = {isa = PBXBuildFile; fileRef = 3A292BE721D36741002FFA97 /* UModel.swift */; };
		3A292BEE21D37A46002FFA97 /* LBUNavController.swift in Sources */ = {isa = PBXBuildFile; fileRef = 3A292BED21D37A45002FFA97 /* LBUNavController.swift */; };
		3A292BF721D37DA8002FFA97 /* LBUBaseController.swift in Sources */ = {isa = PBXBuildFile; fileRef = 3A292BF621D37DA8002FFA97 /* LBUBaseController.swift */; };
		3A292BF921D37DC2002FFA97 /* LBUPageController.swift in Sources */ = {isa = PBXBuildFile; fileRef = 3A292BF821D37DC2002FFA97 /* LBUPageController.swift */; };
		3A292BFB21D37F23002FFA97 /* LBUBookController.swift in Sources */ = {isa = PBXBuildFile; fileRef = 3A292BFA21D37F23002FFA97 /* LBUBookController.swift */; };
		3A292BFD21D38048002FFA97 /* LBUClassifyController.swift in Sources */ = {isa = PBXBuildFile; fileRef = 3A292BFC21D38048002FFA97 /* LBUClassifyController.swift */; };
		3A292BFF21D380F4002FFA97 /* LBUHomeController.swift in Sources */ = {isa = PBXBuildFile; fileRef = 3A292BFE21D380F4002FFA97 /* LBUHomeController.swift */; };
		3A292C0121D3810F002FFA97 /* LBUMineController.swift in Sources */ = {isa = PBXBuildFile; fileRef = 3A292C0021D3810F002FFA97 /* LBUMineController.swift */; };
		3A292C0421D38431002FFA97 /* LBUReCommendController.swift in Sources */ = {isa = PBXBuildFile; fileRef = 3A292C0321D38431002FFA97 /* LBUReCommendController.swift */; };
		3A292C0621D38441002FFA97 /* LBUVIPController.swift in Sources */ = {isa = PBXBuildFile; fileRef = 3A292C0521D38441002FFA97 /* LBUVIPController.swift */; };
		3A292C0821D38479002FFA97 /* LBUSubscibeController.swift in Sources */ = {isa = PBXBuildFile; fileRef = 3A292C0721D38479002FFA97 /* LBUSubscibeController.swift */; };
		3A292C0E21D384DE002FFA97 /* LBURankController.swift in Sources */ = {isa = PBXBuildFile; fileRef = 3A292C0D21D384DE002FFA97 /* LBURankController.swift */; };
		3A292C1421D387EE002FFA97 /* LBUCollectionController.swift in Sources */ = {isa = PBXBuildFile; fileRef = 3A292C1321D387EE002FFA97 /* LBUCollectionController.swift */; };
		3A292C1621D38806002FFA97 /* LBUBookDanController.swift in Sources */ = {isa = PBXBuildFile; fileRef = 3A292C1521D38806002FFA97 /* LBUBookDanController.swift */; };
		3A292C1821D38818002FFA97 /* LBUDownloadController.swift in Sources */ = {isa = PBXBuildFile; fileRef = 3A292C1721D38818002FFA97 /* LBUDownloadController.swift */; };
		3A5C9471216CD491002E87E7 /* AppDelegate.swift in Sources */ = {isa = PBXBuildFile; fileRef = 3A5C9470216CD491002E87E7 /* AppDelegate.swift */; };
		3A5C9476216CD491002E87E7 /* Main.storyboard in Resources */ = {isa = PBXBuildFile; fileRef = 3A5C9474216CD491002E87E7 /* Main.storyboard */; };
		3A5C9478216CD492002E87E7 /* Assets.xcassets in Resources */ = {isa = PBXBuildFile; fileRef = 3A5C9477216CD492002E87E7 /* Assets.xcassets */; };
		3A5C947B216CD492002E87E7 /* LaunchScreen.storyboard in Resources */ = {isa = PBXBuildFile; fileRef = 3A5C9479216CD492002E87E7 /* LaunchScreen.storyboard */; };
		3A93C84421D46897007F0196 /* LBUSearchController.swift in Sources */ = {isa = PBXBuildFile; fileRef = 3A93C84321D46897007F0196 /* LBUSearchController.swift */; };
		3A99967F216D9352002D547B /* UIBarButtonItemExtension.swift in Sources */ = {isa = PBXBuildFile; fileRef = 3A999676216D9352002D547B /* UIBarButtonItemExtension.swift */; };
		3A999680216D9352002D547B /* UIColorExtension.swift in Sources */ = {isa = PBXBuildFile; fileRef = 3A999677216D9352002D547B /* UIColorExtension.swift */; };
		3A999681216D9352002D547B /* UIViewExtension.swift in Sources */ = {isa = PBXBuildFile; fileRef = 3A999678216D9352002D547B /* UIViewExtension.swift */; };
		3A999682216D9352002D547B /* DictionaryExtension.swift in Sources */ = {isa = PBXBuildFile; fileRef = 3A999679216D9352002D547B /* DictionaryExtension.swift */; };
		3A999683216D9352002D547B /* DispatchQueueExtension.swift in Sources */ = {isa = PBXBuildFile; fileRef = 3A99967A216D9352002D547B /* DispatchQueueExtension.swift */; };
		3A999684216D9352002D547B /* ArrayExtensions.swift in Sources */ = {isa = PBXBuildFile; fileRef = 3A99967B216D9352002D547B /* ArrayExtensions.swift */; };
		3A999685216D9352002D547B /* StringExtension.swift in Sources */ = {isa = PBXBuildFile; fileRef = 3A99967C216D9352002D547B /* StringExtension.swift */; };
		3A999686216D9352002D547B /* UIDeviceExtension.swift in Sources */ = {isa = PBXBuildFile; fileRef = 3A99967D216D9352002D547B /* UIDeviceExtension.swift */; };
		3A999687216D9352002D547B /* UIImageExtensions.swift in Sources */ = {isa = PBXBuildFile; fileRef = 3A99967E216D9352002D547B /* UIImageExtensions.swift */; };
		3A99969E216DCDD5002D547B /* LBUTabBarController.swift in Sources */ = {isa = PBXBuildFile; fileRef = 3A99969D216DCDD5002D547B /* LBUTabBarController.swift */; };
		3A9996A3216DCFC3002D547B /* LBUGlobal.swift in Sources */ = {isa = PBXBuildFile; fileRef = 3A9996A2216DCFC3002D547B /* LBUGlobal.swift */; };
		AB50F937545BEC2256F80919 /* Pods_LBU25.framework in Frameworks */ = {isa = PBXBuildFile; fileRef = F3F440AB4143933E31C0F026 /* Pods_LBU25.framework */; };
/* End PBXBuildFile section */

/* Begin PBXFileReference section */
		3A292BBB21D35EF3002FFA97 /* UHairPowder.swift */ = {isa = PBXFileReference; fileEncoding = 4; lastKnownFileType = sourcecode.swift; path = UHairPowder.swift; sourceTree = "<group>"; };
		3A292BBD21D35EF3002FFA97 /* UIBarButtonItemFixSpace.swift */ = {isa = PBXFileReference; fileEncoding = 4; lastKnownFileType = sourcecode.swift; path = UIBarButtonItemFixSpace.swift; sourceTree = "<group>"; };
		3A292BBF21D35EF3002FFA97 /* UCollectionViewAlignedLayout.swift */ = {isa = PBXFileReference; fileEncoding = 4; lastKnownFileType = sourcecode.swift; path = UCollectionViewAlignedLayout.swift; sourceTree = "<group>"; };
		3A292BC021D35EF3002FFA97 /* UCollectionViewSectionBackgroundLayout.swift */ = {isa = PBXFileReference; fileEncoding = 4; lastKnownFileType = sourcecode.swift; path = UCollectionViewSectionBackgroundLayout.swift; sourceTree = "<group>"; };
		3A292BC221D35EF3002FFA97 /* UEmptyDataSet.swift */ = {isa = PBXFileReference; fileEncoding = 4; lastKnownFileType = sourcecode.swift; path = UEmptyDataSet.swift; sourceTree = "<group>"; };
		3A292BD221D36389002FFA97 /* URefresh.swift */ = {isa = PBXFileReference; fileEncoding = 4; lastKnownFileType = sourcecode.swift; path = URefresh.swift; sourceTree = "<group>"; };
		3A292BD521D363D8002FFA97 /* UNoticeBar.swift */ = {isa = PBXFileReference; fileEncoding = 4; lastKnownFileType = sourcecode.swift; path = UNoticeBar.swift; sourceTree = "<group>"; };
		3A292BD821D36514002FFA97 /* ConstraintArray+Extensions.swift */ = {isa = PBXFileReference; fileEncoding = 4; lastKnownFileType = sourcecode.swift; path = "ConstraintArray+Extensions.swift"; sourceTree = "<group>"; };
		3A292BD921D36514002FFA97 /* ConstraintArrayDSL.swift */ = {isa = PBXFileReference; fileEncoding = 4; lastKnownFileType = sourcecode.swift; path = ConstraintArrayDSL.swift; sourceTree = "<group>"; };
		3A292BDD21D3654C002FFA97 /* ParallaxHeaderMode.swift */ = {isa = PBXFileReference; fileEncoding = 4; lastKnownFileType = sourcecode.swift; path = ParallaxHeaderMode.swift; sourceTree = "<group>"; };
		3A292BDE21D3654C002FFA97 /* UIScrollView+ParallaxHeader.swift */ = {isa = PBXFileReference; fileEncoding = 4; lastKnownFileType = sourcecode.swift; path = "UIScrollView+ParallaxHeader.swift"; sourceTree = "<group>"; };
		3A292BDF21D3654C002FFA97 /* ParallaxHeader.swift */ = {isa = PBXFileReference; fileEncoding = 4; lastKnownFileType = sourcecode.swift; path = ParallaxHeader.swift; sourceTree = "<group>"; };
		3A292BE421D366BB002FFA97 /* UAPI.swift */ = {isa = PBXFileReference; fileEncoding = 4; lastKnownFileType = sourcecode.swift; path = UAPI.swift; sourceTree = "<group>"; };
		3A292BE721D36741002FFA97 /* UModel.swift */ = {isa = PBXFileReference; fileEncoding = 4; lastKnownFileType = sourcecode.swift; path = UModel.swift; sourceTree = "<group>"; };
		3A292BED21D37A45002FFA97 /* LBUNavController.swift */ = {isa = PBXFileReference; lastKnownFileType = sourcecode.swift; path = LBUNavController.swift; sourceTree = "<group>"; };
		3A292BF621D37DA8002FFA97 /* LBUBaseController.swift */ = {isa = PBXFileReference; fileEncoding = 4; lastKnownFileType = sourcecode.swift; path = LBUBaseController.swift; sourceTree = "<group>"; };
		3A292BF821D37DC2002FFA97 /* LBUPageController.swift */ = {isa = PBXFileReference; lastKnownFileType = sourcecode.swift; path = LBUPageController.swift; sourceTree = "<group>"; };
		3A292BFA21D37F23002FFA97 /* LBUBookController.swift */ = {isa = PBXFileReference; lastKnownFileType = sourcecode.swift; path = LBUBookController.swift; sourceTree = "<group>"; };
		3A292BFC21D38048002FFA97 /* LBUClassifyController.swift */ = {isa = PBXFileReference; lastKnownFileType = sourcecode.swift; path = LBUClassifyController.swift; sourceTree = "<group>"; };
		3A292BFE21D380F4002FFA97 /* LBUHomeController.swift */ = {isa = PBXFileReference; lastKnownFileType = sourcecode.swift; path = LBUHomeController.swift; sourceTree = "<group>"; };
		3A292C0021D3810F002FFA97 /* LBUMineController.swift */ = {isa = PBXFileReference; lastKnownFileType = sourcecode.swift; path = LBUMineController.swift; sourceTree = "<group>"; };
		3A292C0321D38431002FFA97 /* LBUReCommendController.swift */ = {isa = PBXFileReference; lastKnownFileType = sourcecode.swift; path = LBUReCommendController.swift; sourceTree = "<group>"; };
		3A292C0521D38441002FFA97 /* LBUVIPController.swift */ = {isa = PBXFileReference; lastKnownFileType = sourcecode.swift; path = LBUVIPController.swift; sourceTree = "<group>"; };
		3A292C0721D38479002FFA97 /* LBUSubscibeController.swift */ = {isa = PBXFileReference; lastKnownFileType = sourcecode.swift; path = LBUSubscibeController.swift; sourceTree = "<group>"; };
		3A292C0D21D384DE002FFA97 /* LBURankController.swift */ = {isa = PBXFileReference; lastKnownFileType = sourcecode.swift; path = LBURankController.swift; sourceTree = "<group>"; };
		3A292C0F21D386DB002FFA97 /* LBU25-Bridging-Header.h */ = {isa = PBXFileReference; fileEncoding = 4; lastKnownFileType = sourcecode.c.h; path = "LBU25-Bridging-Header.h"; sourceTree = "<group>"; };
		3A292C1321D387EE002FFA97 /* LBUCollectionController.swift */ = {isa = PBXFileReference; lastKnownFileType = sourcecode.swift; path = LBUCollectionController.swift; sourceTree = "<group>"; };
		3A292C1521D38806002FFA97 /* LBUBookDanController.swift */ = {isa = PBXFileReference; lastKnownFileType = sourcecode.swift; path = LBUBookDanController.swift; sourceTree = "<group>"; };
		3A292C1721D38818002FFA97 /* LBUDownloadController.swift */ = {isa = PBXFileReference; lastKnownFileType = sourcecode.swift; path = LBUDownloadController.swift; sourceTree = "<group>"; };
		3A5C946D216CD491002E87E7 /* LBU25.app */ = {isa = PBXFileReference; explicitFileType = wrapper.application; includeInIndex = 0; path = LBU25.app; sourceTree = BUILT_PRODUCTS_DIR; };
		3A5C9470216CD491002E87E7 /* AppDelegate.swift */ = {isa = PBXFileReference; lastKnownFileType = sourcecode.swift; path = AppDelegate.swift; sourceTree = "<group>"; };
		3A5C9475216CD491002E87E7 /* Base */ = {isa = PBXFileReference; lastKnownFileType = file.storyboard; name = Base; path = Base.lproj/Main.storyboard; sourceTree = "<group>"; };
		3A5C9477216CD492002E87E7 /* Assets.xcassets */ = {isa = PBXFileReference; lastKnownFileType = folder.assetcatalog; path = Assets.xcassets; sourceTree = "<group>"; };
		3A5C947A216CD492002E87E7 /* Base */ = {isa = PBXFileReference; lastKnownFileType = file.storyboard; name = Base; path = Base.lproj/LaunchScreen.storyboard; sourceTree = "<group>"; };
		3A5C947C216CD492002E87E7 /* Info.plist */ = {isa = PBXFileReference; lastKnownFileType = text.plist.xml; path = Info.plist; sourceTree = "<group>"; };
		3A93C84321D46897007F0196 /* LBUSearchController.swift */ = {isa = PBXFileReference; lastKnownFileType = sourcecode.swift; path = LBUSearchController.swift; sourceTree = "<group>"; };
		3A999676216D9352002D547B /* UIBarButtonItemExtension.swift */ = {isa = PBXFileReference; fileEncoding = 4; lastKnownFileType = sourcecode.swift; path = UIBarButtonItemExtension.swift; sourceTree = "<group>"; };
		3A999677216D9352002D547B /* UIColorExtension.swift */ = {isa = PBXFileReference; fileEncoding = 4; lastKnownFileType = sourcecode.swift; path = UIColorExtension.swift; sourceTree = "<group>"; };
		3A999678216D9352002D547B /* UIViewExtension.swift */ = {isa = PBXFileReference; fileEncoding = 4; lastKnownFileType = sourcecode.swift; path = UIViewExtension.swift; sourceTree = "<group>"; };
		3A999679216D9352002D547B /* DictionaryExtension.swift */ = {isa = PBXFileReference; fileEncoding = 4; lastKnownFileType = sourcecode.swift; path = DictionaryExtension.swift; sourceTree = "<group>"; };
		3A99967A216D9352002D547B /* DispatchQueueExtension.swift */ = {isa = PBXFileReference; fileEncoding = 4; lastKnownFileType = sourcecode.swift; path = DispatchQueueExtension.swift; sourceTree = "<group>"; };
		3A99967B216D9352002D547B /* ArrayExtensions.swift */ = {isa = PBXFileReference; fileEncoding = 4; lastKnownFileType = sourcecode.swift; path = ArrayExtensions.swift; sourceTree = "<group>"; };
		3A99967C216D9352002D547B /* StringExtension.swift */ = {isa = PBXFileReference; fileEncoding = 4; lastKnownFileType = sourcecode.swift; path = StringExtension.swift; sourceTree = "<group>"; };
		3A99967D216D9352002D547B /* UIDeviceExtension.swift */ = {isa = PBXFileReference; fileEncoding = 4; lastKnownFileType = sourcecode.swift; path = UIDeviceExtension.swift; sourceTree = "<group>"; };
		3A99967E216D9352002D547B /* UIImageExtensions.swift */ = {isa = PBXFileReference; fileEncoding = 4; lastKnownFileType = sourcecode.swift; path = UIImageExtensions.swift; sourceTree = "<group>"; };
		3A99969D216DCDD5002D547B /* LBUTabBarController.swift */ = {isa = PBXFileReference; lastKnownFileType = sourcecode.swift; path = LBUTabBarController.swift; sourceTree = "<group>"; };
		3A9996A2216DCFC3002D547B /* LBUGlobal.swift */ = {isa = PBXFileReference; lastKnownFileType = sourcecode.swift; path = LBUGlobal.swift; sourceTree = "<group>"; };
		6C34598519D9FF7AAF1D4BA6 /* Pods-LBU25.release.xcconfig */ = {isa = PBXFileReference; includeInIndex = 1; lastKnownFileType = text.xcconfig; name = "Pods-LBU25.release.xcconfig"; path = "Pods/Target Support Files/Pods-LBU25/Pods-LBU25.release.xcconfig"; sourceTree = "<group>"; };
		BF7DCDAA066679895AE88749 /* Pods-LBU25.debug.xcconfig */ = {isa = PBXFileReference; includeInIndex = 1; lastKnownFileType = text.xcconfig; name = "Pods-LBU25.debug.xcconfig"; path = "Pods/Target Support Files/Pods-LBU25/Pods-LBU25.debug.xcconfig"; sourceTree = "<group>"; };
		F3F440AB4143933E31C0F026 /* Pods_LBU25.framework */ = {isa = PBXFileReference; explicitFileType = wrapper.framework; includeInIndex = 0; path = Pods_LBU25.framework; sourceTree = BUILT_PRODUCTS_DIR; };
/* End PBXFileReference section */

/* Begin PBXFrameworksBuildPhase section */
		3A5C946A216CD491002E87E7 /* Frameworks */ = {
			isa = PBXFrameworksBuildPhase;
			buildActionMask = 2147483647;
			files = (
				AB50F937545BEC2256F80919 /* Pods_LBU25.framework in Frameworks */,
			);
			runOnlyForDeploymentPostprocessing = 0;
		};
/* End PBXFrameworksBuildPhase section */

/* Begin PBXGroup section */
		3A292BBA21D35EF3002FFA97 /* HairPowder */ = {
			isa = PBXGroup;
			children = (
				3A292BBB21D35EF3002FFA97 /* UHairPowder.swift */,
			);
			path = HairPowder;
			sourceTree = "<group>";
		};
		3A292BBC21D35EF3002FFA97 /* BarButtonItem */ = {
			isa = PBXGroup;
			children = (
				3A292BBD21D35EF3002FFA97 /* UIBarButtonItemFixSpace.swift */,
			);
			path = BarButtonItem;
			sourceTree = "<group>";
		};
		3A292BBE21D35EF3002FFA97 /* CollectionViewLayout */ = {
			isa = PBXGroup;
			children = (
				3A292BBF21D35EF3002FFA97 /* UCollectionViewAlignedLayout.swift */,
				3A292BC021D35EF3002FFA97 /* UCollectionViewSectionBackgroundLayout.swift */,
			);
			path = CollectionViewLayout;
			sourceTree = "<group>";
		};
		3A292BC121D35EF3002FFA97 /* EmptyDataSet */ = {
			isa = PBXGroup;
			children = (
				3A292BC221D35EF3002FFA97 /* UEmptyDataSet.swift */,
			);
			path = EmptyDataSet;
			sourceTree = "<group>";
		};
		3A292BD121D36389002FFA97 /* Refresh */ = {
			isa = PBXGroup;
			children = (
				3A292BD221D36389002FFA97 /* URefresh.swift */,
			);
			path = Refresh;
			sourceTree = "<group>";
		};
		3A292BD421D363D8002FFA97 /* NoticeBar */ = {
			isa = PBXGroup;
			children = (
				3A292BD521D363D8002FFA97 /* UNoticeBar.swift */,
			);
			path = NoticeBar;
			sourceTree = "<group>";
		};
		3A292BD721D36514002FFA97 /* SnapKitExtension */ = {
			isa = PBXGroup;
			children = (
				3A292BD821D36514002FFA97 /* ConstraintArray+Extensions.swift */,
				3A292BD921D36514002FFA97 /* ConstraintArrayDSL.swift */,
			);
			path = SnapKitExtension;
			sourceTree = "<group>";
		};
		3A292BDC21D3654C002FFA97 /* ParallaxHeader */ = {
			isa = PBXGroup;
			children = (
				3A292BDD21D3654C002FFA97 /* ParallaxHeaderMode.swift */,
				3A292BDE21D3654C002FFA97 /* UIScrollView+ParallaxHeader.swift */,
				3A292BDF21D3654C002FFA97 /* ParallaxHeader.swift */,
			);
			path = ParallaxHeader;
			sourceTree = "<group>";
		};
		3A292BE321D366BB002FFA97 /* api */ = {
			isa = PBXGroup;
			children = (
				3A292BE421D366BB002FFA97 /* UAPI.swift */,
			);
			path = api;
			sourceTree = "<group>";
		};
		3A292BE621D36741002FFA97 /* model */ = {
			isa = PBXGroup;
			children = (
				3A292BE721D36741002FFA97 /* UModel.swift */,
			);
			path = model;
			sourceTree = "<group>";
		};
		3A292BF121D37CB7002FFA97 /* home */ = {
			isa = PBXGroup;
			children = (
				3A292C0921D384A0002FFA97 /* 订阅 */,
				3A292C0A21D384A0002FFA97 /* 排行 */,
				3A292C0B21D384A0002FFA97 /* 推荐 */,
				3A292C0C21D384A0002FFA97 /* VIP */,
				3A292BFE21D380F4002FFA97 /* LBUHomeController.swift */,
			);
			path = home;
			sourceTree = "<group>";
		};
		3A292BF221D37CB7002FFA97 /* book */ = {
			isa = PBXGroup;
			children = (
				3A292C1021D387DF002FFA97 /* 收藏 */,
				3A292C1121D387DF002FFA97 /* 书单 */,
				3A292C1221D387DF002FFA97 /* 下载 */,
				3A292BFA21D37F23002FFA97 /* LBUBookController.swift */,
			);
			path = book;
			sourceTree = "<group>";
		};
		3A292BF321D37CB7002FFA97 /* mine */ = {
			isa = PBXGroup;
			children = (
				3A292C0021D3810F002FFA97 /* LBUMineController.swift */,
			);
			path = mine;
			sourceTree = "<group>";
		};
		3A292BF421D37CB7002FFA97 /* classify */ = {
			isa = PBXGroup;
			children = (
				3A292BFC21D38048002FFA97 /* LBUClassifyController.swift */,
				3A93C84321D46897007F0196 /* LBUSearchController.swift */,
			);
			path = classify;
			sourceTree = "<group>";
		};
		3A292BF521D37DA8002FFA97 /* base */ = {
			isa = PBXGroup;
			children = (
				3A292BF621D37DA8002FFA97 /* LBUBaseController.swift */,
			);
			path = base;
			sourceTree = "<group>";
		};
		3A292C0921D384A0002FFA97 /* 订阅 */ = {
			isa = PBXGroup;
			children = (
				3A292C0721D38479002FFA97 /* LBUSubscibeController.swift */,
			);
			path = "订阅";
			sourceTree = "<group>";
		};
		3A292C0A21D384A0002FFA97 /* 排行 */ = {
			isa = PBXGroup;
			children = (
				3A292C0D21D384DE002FFA97 /* LBURankController.swift */,
			);
			path = "排行";
			sourceTree = "<group>";
		};
		3A292C0B21D384A0002FFA97 /* 推荐 */ = {
			isa = PBXGroup;
			children = (
				3A292C0321D38431002FFA97 /* LBUReCommendController.swift */,
			);
			path = "推荐";
			sourceTree = "<group>";
		};
		3A292C0C21D384A0002FFA97 /* VIP */ = {
			isa = PBXGroup;
			children = (
				3A292C0521D38441002FFA97 /* LBUVIPController.swift */,
			);
			path = VIP;
			sourceTree = "<group>";
		};
		3A292C1021D387DF002FFA97 /* 收藏 */ = {
			isa = PBXGroup;
			children = (
				3A292C1321D387EE002FFA97 /* LBUCollectionController.swift */,
			);
			path = "收藏";
			sourceTree = "<group>";
		};
		3A292C1121D387DF002FFA97 /* 书单 */ = {
			isa = PBXGroup;
			children = (
				3A292C1521D38806002FFA97 /* LBUBookDanController.swift */,
			);
			path = "书单";
			sourceTree = "<group>";
		};
		3A292C1221D387DF002FFA97 /* 下载 */ = {
			isa = PBXGroup;
			children = (
				3A292C1721D38818002FFA97 /* LBUDownloadController.swift */,
			);
			path = "下载";
			sourceTree = "<group>";
		};
		3A5C9464216CD491002E87E7 = {
			isa = PBXGroup;
			children = (
				3A5C946F216CD491002E87E7 /* LBU25 */,
				3A5C946E216CD491002E87E7 /* Products */,
				8EA5652D3DE0D64B5F106E9E /* Pods */,
				7F6F93DCD1BD99635E13CF9C /* Frameworks */,
			);
			sourceTree = "<group>";
		};
		3A5C946E216CD491002E87E7 /* Products */ = {
			isa = PBXGroup;
			children = (
				3A5C946D216CD491002E87E7 /* LBU25.app */,
			);
			name = Products;
			sourceTree = "<group>";
		};
		3A5C946F216CD491002E87E7 /* LBU25 */ = {
			isa = PBXGroup;
			children = (
				3A292BE621D36741002FFA97 /* model */,
				3A292BE321D366BB002FFA97 /* api */,
				3A999675216D9291002D547B /* Extension */,
				3A999673216D8CD3002D547B /* common */,
				3A999674216D8CD3002D547B /* controller */,
				3A999672216D8CD3002D547B /* orther */,
				3A5C9470216CD491002E87E7 /* AppDelegate.swift */,
				3A5C9474216CD491002E87E7 /* Main.storyboard */,
				3A5C9477216CD492002E87E7 /* Assets.xcassets */,
				3A5C9479216CD492002E87E7 /* LaunchScreen.storyboard */,
				3A5C947C216CD492002E87E7 /* Info.plist */,
			);
			path = LBU25;
			sourceTree = "<group>";
		};
		3A999672216D8CD3002D547B /* orther */ = {
			isa = PBXGroup;
			children = (
				3A292C0F21D386DB002FFA97 /* LBU25-Bridging-Header.h */,
				3A9996A2216DCFC3002D547B /* LBUGlobal.swift */,
			);
			path = orther;
			sourceTree = "<group>";
		};
		3A999673216D8CD3002D547B /* common */ = {
			isa = PBXGroup;
			children = (
				3A292BDC21D3654C002FFA97 /* ParallaxHeader */,
				3A292BD721D36514002FFA97 /* SnapKitExtension */,
				3A292BD421D363D8002FFA97 /* NoticeBar */,
				3A292BD121D36389002FFA97 /* Refresh */,
				3A292BBC21D35EF3002FFA97 /* BarButtonItem */,
				3A292BBE21D35EF3002FFA97 /* CollectionViewLayout */,
				3A292BC121D35EF3002FFA97 /* EmptyDataSet */,
				3A292BBA21D35EF3002FFA97 /* HairPowder */,
			);
			path = common;
			sourceTree = "<group>";
		};
		3A999674216D8CD3002D547B /* controller */ = {
			isa = PBXGroup;
			children = (
				3A292BF221D37CB7002FFA97 /* book */,
				3A292BF421D37CB7002FFA97 /* classify */,
				3A292BF121D37CB7002FFA97 /* home */,
				3A292BF321D37CB7002FFA97 /* mine */,
				3A99969C216DCD93002D547B /* main */,
			);
			path = controller;
			sourceTree = "<group>";
		};
		3A999675216D9291002D547B /* Extension */ = {
			isa = PBXGroup;
			children = (
				3A99967B216D9352002D547B /* ArrayExtensions.swift */,
				3A999679216D9352002D547B /* DictionaryExtension.swift */,
				3A99967A216D9352002D547B /* DispatchQueueExtension.swift */,
				3A99967C216D9352002D547B /* StringExtension.swift */,
				3A999676216D9352002D547B /* UIBarButtonItemExtension.swift */,
				3A999677216D9352002D547B /* UIColorExtension.swift */,
				3A99967D216D9352002D547B /* UIDeviceExtension.swift */,
				3A99967E216D9352002D547B /* UIImageExtensions.swift */,
				3A999678216D9352002D547B /* UIViewExtension.swift */,
			);
			path = Extension;
			sourceTree = "<group>";
		};
		3A99969C216DCD93002D547B /* main */ = {
			isa = PBXGroup;
			children = (
				3A292BF521D37DA8002FFA97 /* base */,
				3A99969D216DCDD5002D547B /* LBUTabBarController.swift */,
				3A292BED21D37A45002FFA97 /* LBUNavController.swift */,
				3A292BF821D37DC2002FFA97 /* LBUPageController.swift */,
			);
			path = main;
			sourceTree = "<group>";
		};
		7F6F93DCD1BD99635E13CF9C /* Frameworks */ = {
			isa = PBXGroup;
			children = (
				F3F440AB4143933E31C0F026 /* Pods_LBU25.framework */,
			);
			name = Frameworks;
			sourceTree = "<group>";
		};
		8EA5652D3DE0D64B5F106E9E /* Pods */ = {
			isa = PBXGroup;
			children = (
				BF7DCDAA066679895AE88749 /* Pods-LBU25.debug.xcconfig */,
				6C34598519D9FF7AAF1D4BA6 /* Pods-LBU25.release.xcconfig */,
			);
			name = Pods;
			sourceTree = "<group>";
		};
/* End PBXGroup section */

/* Begin PBXNativeTarget section */
		3A5C946C216CD491002E87E7 /* LBU25 */ = {
			isa = PBXNativeTarget;
			buildConfigurationList = 3A5C947F216CD492002E87E7 /* Build configuration list for PBXNativeTarget "LBU25" */;
			buildPhases = (
				7EDE72BB9E7EAD26B1637AEE /* [CP] Check Pods Manifest.lock */,
				3A5C9469216CD491002E87E7 /* Sources */,
				3A5C946A216CD491002E87E7 /* Frameworks */,
				3A5C946B216CD491002E87E7 /* Resources */,
				38E24D4A565C7E5AB8ED952E /* [CP] Embed Pods Frameworks */,
			);
			buildRules = (
			);
			dependencies = (
			);
			name = LBU25;
			productName = LBU25;
			productReference = 3A5C946D216CD491002E87E7 /* LBU25.app */;
			productType = "com.apple.product-type.application";
		};
/* End PBXNativeTarget section */

/* Begin PBXProject section */
		3A5C9465216CD491002E87E7 /* Project object */ = {
			isa = PBXProject;
			attributes = {
				CLASSPREFIX = LBU;
				LastSwiftUpdateCheck = 0930;
				LastUpgradeCheck = 0930;
				ORGANIZATIONNAME = "刘博";
				TargetAttributes = {
					3A5C946C216CD491002E87E7 = {
						CreatedOnToolsVersion = 9.3.1;
						LastSwiftMigration = 1010;
					};
				};
			};
			buildConfigurationList = 3A5C9468216CD491002E87E7 /* Build configuration list for PBXProject "LBU25" */;
			compatibilityVersion = "Xcode 9.3";
			developmentRegion = en;
			hasScannedForEncodings = 0;
			knownRegions = (
				en,
				Base,
			);
			mainGroup = 3A5C9464216CD491002E87E7;
			productRefGroup = 3A5C946E216CD491002E87E7 /* Products */;
			projectDirPath = "";
			projectRoot = "";
			targets = (
				3A5C946C216CD491002E87E7 /* LBU25 */,
			);
		};
/* End PBXProject section */

/* Begin PBXResourcesBuildPhase section */
		3A5C946B216CD491002E87E7 /* Resources */ = {
			isa = PBXResourcesBuildPhase;
			buildActionMask = 2147483647;
			files = (
				3A5C947B216CD492002E87E7 /* LaunchScreen.storyboard in Resources */,
				3A5C9478216CD492002E87E7 /* Assets.xcassets in Resources */,
				3A5C9476216CD491002E87E7 /* Main.storyboard in Resources */,
			);
			runOnlyForDeploymentPostprocessing = 0;
		};
/* End PBXResourcesBuildPhase section */

/* Begin PBXShellScriptBuildPhase section */
		38E24D4A565C7E5AB8ED952E /* [CP] Embed Pods Frameworks */ = {
			isa = PBXShellScriptBuildPhase;
			buildActionMask = 2147483647;
			files = (
			);
			inputPaths = (
				"${SRCROOT}/Pods/Target Support Files/Pods-LBU25/Pods-LBU25-frameworks.sh",
				"${BUILT_PRODUCTS_DIR}/Alamofire/Alamofire.framework",
				"${BUILT_PRODUCTS_DIR}/EmptyDataSet-Swift/EmptyDataSet_Swift.framework",
				"${BUILT_PRODUCTS_DIR}/HMSegmentedControl/HMSegmentedControl.framework",
				"${BUILT_PRODUCTS_DIR}/HandyJSON/HandyJSON.framework",
				"${BUILT_PRODUCTS_DIR}/IQKeyboardManagerSwift/IQKeyboardManagerSwift.framework",
				"${BUILT_PRODUCTS_DIR}/Kingfisher/Kingfisher.framework",
				"${BUILT_PRODUCTS_DIR}/LLCycleScrollView/LLCycleScrollView.framework",
				"${BUILT_PRODUCTS_DIR}/MBProgressHUD/MBProgressHUD.framework",
				"${BUILT_PRODUCTS_DIR}/MJRefresh/MJRefresh.framework",
				"${BUILT_PRODUCTS_DIR}/Moya/Moya.framework",
				"${BUILT_PRODUCTS_DIR}/Result/Result.framework",
				"${BUILT_PRODUCTS_DIR}/Reusable/Reusable.framework",
				"${BUILT_PRODUCTS_DIR}/SnapKit/SnapKit.framework",
				"${BUILT_PRODUCTS_DIR}/Then/Then.framework",
			);
			name = "[CP] Embed Pods Frameworks";
			outputPaths = (
				"${TARGET_BUILD_DIR}/${FRAMEWORKS_FOLDER_PATH}/Alamofire.framework",
				"${TARGET_BUILD_DIR}/${FRAMEWORKS_FOLDER_PATH}/EmptyDataSet_Swift.framework",
				"${TARGET_BUILD_DIR}/${FRAMEWORKS_FOLDER_PATH}/HMSegmentedControl.framework",
				"${TARGET_BUILD_DIR}/${FRAMEWORKS_FOLDER_PATH}/HandyJSON.framework",
				"${TARGET_BUILD_DIR}/${FRAMEWORKS_FOLDER_PATH}/IQKeyboardManagerSwift.framework",
				"${TARGET_BUILD_DIR}/${FRAMEWORKS_FOLDER_PATH}/Kingfisher.framework",
				"${TARGET_BUILD_DIR}/${FRAMEWORKS_FOLDER_PATH}/LLCycleScrollView.framework",
				"${TARGET_BUILD_DIR}/${FRAMEWORKS_FOLDER_PATH}/MBProgressHUD.framework",
				"${TARGET_BUILD_DIR}/${FRAMEWORKS_FOLDER_PATH}/MJRefresh.framework",
				"${TARGET_BUILD_DIR}/${FRAMEWORKS_FOLDER_PATH}/Moya.framework",
				"${TARGET_BUILD_DIR}/${FRAMEWORKS_FOLDER_PATH}/Result.framework",
				"${TARGET_BUILD_DIR}/${FRAMEWORKS_FOLDER_PATH}/Reusable.framework",
				"${TARGET_BUILD_DIR}/${FRAMEWORKS_FOLDER_PATH}/SnapKit.framework",
				"${TARGET_BUILD_DIR}/${FRAMEWORKS_FOLDER_PATH}/Then.framework",
			);
			runOnlyForDeploymentPostprocessing = 0;
			shellPath = /bin/sh;
			shellScript = "\"${SRCROOT}/Pods/Target Support Files/Pods-LBU25/Pods-LBU25-frameworks.sh\"\n";
			showEnvVarsInLog = 0;
		};
		7EDE72BB9E7EAD26B1637AEE /* [CP] Check Pods Manifest.lock */ = {
			isa = PBXShellScriptBuildPhase;
			buildActionMask = 2147483647;
			files = (
			);
			inputPaths = (
				"${PODS_PODFILE_DIR_PATH}/Podfile.lock",
				"${PODS_ROOT}/Manifest.lock",
			);
			name = "[CP] Check Pods Manifest.lock";
			outputPaths = (
				"$(DERIVED_FILE_DIR)/Pods-LBU25-checkManifestLockResult.txt",
			);
			runOnlyForDeploymentPostprocessing = 0;
			shellPath = /bin/sh;
			shellScript = "diff \"${PODS_PODFILE_DIR_PATH}/Podfile.lock\" \"${PODS_ROOT}/Manifest.lock\" > /dev/null\nif [ $? != 0 ] ; then\n    # print error to STDERR\n    echo \"error: The sandbox is not in sync with the Podfile.lock. Run 'pod install' or update your CocoaPods installation.\" >&2\n    exit 1\nfi\n# This output is used by Xcode 'outputs' to avoid re-running this script phase.\necho \"SUCCESS\" > \"${SCRIPT_OUTPUT_FILE_0}\"\n";
			showEnvVarsInLog = 0;
		};
/* End PBXShellScriptBuildPhase section */

/* Begin PBXSourcesBuildPhase section */
		3A5C9469216CD491002E87E7 /* Sources */ = {
			isa = PBXSourcesBuildPhase;
			buildActionMask = 2147483647;
			files = (
				3A292BCD21D35EF3002FFA97 /* UCollectionViewAlignedLayout.swift in Sources */,
				3A99967F216D9352002D547B /* UIBarButtonItemExtension.swift in Sources */,
				3A292BFF21D380F4002FFA97 /* LBUHomeController.swift in Sources */,
				3A292BF921D37DC2002FFA97 /* LBUPageController.swift in Sources */,
				3A99969E216DCDD5002D547B /* LBUTabBarController.swift in Sources */,
				3A292C1821D38818002FFA97 /* LBUDownloadController.swift in Sources */,
				3A292BE121D3654D002FFA97 /* UIScrollView+ParallaxHeader.swift in Sources */,
				3A292BD321D3638A002FFA97 /* URefresh.swift in Sources */,
				3A292BCF21D35EF3002FFA97 /* UEmptyDataSet.swift in Sources */,
				3A292C1621D38806002FFA97 /* LBUBookDanController.swift in Sources */,
				3A5C9471216CD491002E87E7 /* AppDelegate.swift in Sources */,
				3A292BCC21D35EF3002FFA97 /* UIBarButtonItemFixSpace.swift in Sources */,
				3A999684216D9352002D547B /* ArrayExtensions.swift in Sources */,
				3A292C0121D3810F002FFA97 /* LBUMineController.swift in Sources */,
				3A292BDA21D36515002FFA97 /* ConstraintArray+Extensions.swift in Sources */,
				3A999686216D9352002D547B /* UIDeviceExtension.swift in Sources */,
				3A292BFB21D37F23002FFA97 /* LBUBookController.swift in Sources */,
				3A292C1421D387EE002FFA97 /* LBUCollectionController.swift in Sources */,
				3A999682216D9352002D547B /* DictionaryExtension.swift in Sources */,
				3A292C0421D38431002FFA97 /* LBUReCommendController.swift in Sources */,
				3A292C0821D38479002FFA97 /* LBUSubscibeController.swift in Sources */,
				3A999685216D9352002D547B /* StringExtension.swift in Sources */,
				3A999681216D9352002D547B /* UIViewExtension.swift in Sources */,
				3A999687216D9352002D547B /* UIImageExtensions.swift in Sources */,
				3A292BDB21D36515002FFA97 /* ConstraintArrayDSL.swift in Sources */,
				3A292BF721D37DA8002FFA97 /* LBUBaseController.swift in Sources */,
				3A292BD621D363D8002FFA97 /* UNoticeBar.swift in Sources */,
				3A999680216D9352002D547B /* UIColorExtension.swift in Sources */,
				3A292BFD21D38048002FFA97 /* LBUClassifyController.swift in Sources */,
				3A292BEE21D37A46002FFA97 /* LBUNavController.swift in Sources */,
				3A292BCB21D35EF3002FFA97 /* UHairPowder.swift in Sources */,
				3A292BE821D36741002FFA97 /* UModel.swift in Sources */,
				3A292BE021D3654D002FFA97 /* ParallaxHeaderMode.swift in Sources */,
				3A9996A3216DCFC3002D547B /* LBUGlobal.swift in Sources */,
				3A292C0621D38441002FFA97 /* LBUVIPController.swift in Sources */,
				3A93C84421D46897007F0196 /* LBUSearchController.swift in Sources */,
				3A292BE221D3654D002FFA97 /* ParallaxHeader.swift in Sources */,
				3A292C0E21D384DE002FFA97 /* LBURankController.swift in Sources */,
				3A292BCE21D35EF3002FFA97 /* UCollectionViewSectionBackgroundLayout.swift in Sources */,
				3A292BE521D366BB002FFA97 /* UAPI.swift in Sources */,
				3A999683216D9352002D547B /* DispatchQueueExtension.swift in Sources */,
			);
			runOnlyForDeploymentPostprocessing = 0;
		};
/* End PBXSourcesBuildPhase section */

/* Begin PBXVariantGroup section */
		3A5C9474216CD491002E87E7 /* Main.storyboard */ = {
			isa = PBXVariantGroup;
			children = (
				3A5C9475216CD491002E87E7 /* Base */,
			);
			name = Main.storyboard;
			sourceTree = "<group>";
		};
		3A5C9479216CD492002E87E7 /* LaunchScreen.storyboard */ = {
			isa = PBXVariantGroup;
			children = (
				3A5C947A216CD492002E87E7 /* Base */,
			);
			name = LaunchScreen.storyboard;
			sourceTree = "<group>";
		};
/* End PBXVariantGroup section */

/* Begin XCBuildConfiguration section */
		3A5C947D216CD492002E87E7 /* Debug */ = {
			isa = XCBuildConfiguration;
			buildSettings = {
				ALWAYS_SEARCH_USER_PATHS = NO;
				CLANG_ANALYZER_NONNULL = YES;
				CLANG_ANALYZER_NUMBER_OBJECT_CONVERSION = YES_AGGRESSIVE;
				CLANG_CXX_LANGUAGE_STANDARD = "gnu++14";
				CLANG_CXX_LIBRARY = "libc++";
				CLANG_ENABLE_MODULES = YES;
				CLANG_ENABLE_OBJC_ARC = YES;
				CLANG_ENABLE_OBJC_WEAK = YES;
				CLANG_WARN_BLOCK_CAPTURE_AUTORELEASING = YES;
				CLANG_WARN_BOOL_CONVERSION = YES;
				CLANG_WARN_COMMA = YES;
				CLANG_WARN_CONSTANT_CONVERSION = YES;
				CLANG_WARN_DEPRECATED_OBJC_IMPLEMENTATIONS = YES;
				CLANG_WARN_DIRECT_OBJC_ISA_USAGE = YES_ERROR;
				CLANG_WARN_DOCUMENTATION_COMMENTS = YES;
				CLANG_WARN_EMPTY_BODY = YES;
				CLANG_WARN_ENUM_CONVERSION = YES;
				CLANG_WARN_INFINITE_RECURSION = YES;
				CLANG_WARN_INT_CONVERSION = YES;
				CLANG_WARN_NON_LITERAL_NULL_CONVERSION = YES;
				CLANG_WARN_OBJC_IMPLICIT_RETAIN_SELF = YES;
				CLANG_WARN_OBJC_LITERAL_CONVERSION = YES;
				CLANG_WARN_OBJC_ROOT_CLASS = YES_ERROR;
				CLANG_WARN_RANGE_LOOP_ANALYSIS = YES;
				CLANG_WARN_STRICT_PROTOTYPES = YES;
				CLANG_WARN_SUSPICIOUS_MOVE = YES;
				CLANG_WARN_UNGUARDED_AVAILABILITY = YES_AGGRESSIVE;
				CLANG_WARN_UNREACHABLE_CODE = YES;
				CLANG_WARN__DUPLICATE_METHOD_MATCH = YES;
				CODE_SIGN_IDENTITY = "iPhone Developer";
				COPY_PHASE_STRIP = NO;
				DEBUG_INFORMATION_FORMAT = dwarf;
				ENABLE_STRICT_OBJC_MSGSEND = YES;
				ENABLE_TESTABILITY = YES;
				GCC_C_LANGUAGE_STANDARD = gnu11;
				GCC_DYNAMIC_NO_PIC = NO;
				GCC_NO_COMMON_BLOCKS = YES;
				GCC_OPTIMIZATION_LEVEL = 0;
				GCC_PREPROCESSOR_DEFINITIONS = (
					"DEBUG=1",
					"$(inherited)",
				);
				GCC_WARN_64_TO_32_BIT_CONVERSION = YES;
				GCC_WARN_ABOUT_RETURN_TYPE = YES_ERROR;
				GCC_WARN_UNDECLARED_SELECTOR = YES;
				GCC_WARN_UNINITIALIZED_AUTOS = YES_AGGRESSIVE;
				GCC_WARN_UNUSED_FUNCTION = YES;
				GCC_WARN_UNUSED_VARIABLE = YES;
				IPHONEOS_DEPLOYMENT_TARGET = 11.3;
				MTL_ENABLE_DEBUG_INFO = YES;
				ONLY_ACTIVE_ARCH = YES;
				SDKROOT = iphoneos;
				SWIFT_ACTIVE_COMPILATION_CONDITIONS = DEBUG;
				SWIFT_OPTIMIZATION_LEVEL = "-Onone";
			};
			name = Debug;
		};
		3A5C947E216CD492002E87E7 /* Release */ = {
			isa = XCBuildConfiguration;
			buildSettings = {
				ALWAYS_SEARCH_USER_PATHS = NO;
				CLANG_ANALYZER_NONNULL = YES;
				CLANG_ANALYZER_NUMBER_OBJECT_CONVERSION = YES_AGGRESSIVE;
				CLANG_CXX_LANGUAGE_STANDARD = "gnu++14";
				CLANG_CXX_LIBRARY = "libc++";
				CLANG_ENABLE_MODULES = YES;
				CLANG_ENABLE_OBJC_ARC = YES;
				CLANG_ENABLE_OBJC_WEAK = YES;
				CLANG_WARN_BLOCK_CAPTURE_AUTORELEASING = YES;
				CLANG_WARN_BOOL_CONVERSION = YES;
				CLANG_WARN_COMMA = YES;
				CLANG_WARN_CONSTANT_CONVERSION = YES;
				CLANG_WARN_DEPRECATED_OBJC_IMPLEMENTATIONS = YES;
				CLANG_WARN_DIRECT_OBJC_ISA_USAGE = YES_ERROR;
				CLANG_WARN_DOCUMENTATION_COMMENTS = YES;
				CLANG_WARN_EMPTY_BODY = YES;
				CLANG_WARN_ENUM_CONVERSION = YES;
				CLANG_WARN_INFINITE_RECURSION = YES;
				CLANG_WARN_INT_CONVERSION = YES;
				CLANG_WARN_NON_LITERAL_NULL_CONVERSION = YES;
				CLANG_WARN_OBJC_IMPLICIT_RETAIN_SELF = YES;
				CLANG_WARN_OBJC_LITERAL_CONVERSION = YES;
				CLANG_WARN_OBJC_ROOT_CLASS = YES_ERROR;
				CLANG_WARN_RANGE_LOOP_ANALYSIS = YES;
				CLANG_WARN_STRICT_PROTOTYPES = YES;
				CLANG_WARN_SUSPICIOUS_MOVE = YES;
				CLANG_WARN_UNGUARDED_AVAILABILITY = YES_AGGRESSIVE;
				CLANG_WARN_UNREACHABLE_CODE = YES;
				CLANG_WARN__DUPLICATE_METHOD_MATCH = YES;
				CODE_SIGN_IDENTITY = "iPhone Developer";
				COPY_PHASE_STRIP = NO;
				DEBUG_INFORMATION_FORMAT = "dwarf-with-dsym";
				ENABLE_NS_ASSERTIONS = NO;
				ENABLE_STRICT_OBJC_MSGSEND = YES;
				GCC_C_LANGUAGE_STANDARD = gnu11;
				GCC_NO_COMMON_BLOCKS = YES;
				GCC_WARN_64_TO_32_BIT_CONVERSION = YES;
				GCC_WARN_ABOUT_RETURN_TYPE = YES_ERROR;
				GCC_WARN_UNDECLARED_SELECTOR = YES;
				GCC_WARN_UNINITIALIZED_AUTOS = YES_AGGRESSIVE;
				GCC_WARN_UNUSED_FUNCTION = YES;
				GCC_WARN_UNUSED_VARIABLE = YES;
				IPHONEOS_DEPLOYMENT_TARGET = 11.3;
				MTL_ENABLE_DEBUG_INFO = NO;
				SDKROOT = iphoneos;
				SWIFT_COMPILATION_MODE = wholemodule;
				SWIFT_OPTIMIZATION_LEVEL = "-O";
				VALIDATE_PRODUCT = YES;
			};
			name = Release;
		};
		3A5C9480216CD492002E87E7 /* Debug */ = {
			isa = XCBuildConfiguration;
			baseConfigurationReference = BF7DCDAA066679895AE88749 /* Pods-LBU25.debug.xcconfig */;
			buildSettings = {
				ASSETCATALOG_COMPILER_APPICON_NAME = AppIcon;
				CLANG_ENABLE_MODULES = YES;
				CODE_SIGN_STYLE = Automatic;
				DEVELOPMENT_TEAM = 7L8R6A82W6;
				INFOPLIST_FILE = LBU25/Info.plist;
				IPHONEOS_DEPLOYMENT_TARGET = 9.0;
				LD_RUNPATH_SEARCH_PATHS = (
					"$(inherited)",
					"@executable_path/Frameworks",
				);
				PRODUCT_BUNDLE_IDENTIFIER = com.liubo.LBU25;
				PRODUCT_NAME = "$(TARGET_NAME)";
				SWIFT_OBJC_BRIDGING_HEADER = "LBU25/orther/LBU25-Bridging-Header.h";
				SWIFT_OPTIMIZATION_LEVEL = "-Onone";
				SWIFT_VERSION = 4.0;
				TARGETED_DEVICE_FAMILY = 1;
			};
			name = Debug;
		};
		3A5C9481216CD492002E87E7 /* Release */ = {
			isa = XCBuildConfiguration;
			baseConfigurationReference = 6C34598519D9FF7AAF1D4BA6 /* Pods-LBU25.release.xcconfig */;
			buildSettings = {
				ASSETCATALOG_COMPILER_APPICON_NAME = AppIcon;
				CLANG_ENABLE_MODULES = YES;
				CODE_SIGN_STYLE = Automatic;
				DEVELOPMENT_TEAM = 7L8R6A82W6;
				INFOPLIST_FILE = LBU25/Info.plist;
				IPHONEOS_DEPLOYMENT_TARGET = 9.0;
				LD_RUNPATH_SEARCH_PATHS = (
					"$(inherited)",
					"@executable_path/Frameworks",
				);
				PRODUCT_BUNDLE_IDENTIFIER = com.liubo.LBU25;
				PRODUCT_NAME = "$(TARGET_NAME)";
				SWIFT_OBJC_BRIDGING_HEADER = "LBU25/orther/LBU25-Bridging-Header.h";
				SWIFT_VERSION = 4.0;
				TARGETED_DEVICE_FAMILY = 1;
			};
			name = Release;
		};
/* End XCBuildConfiguration section */

/* Begin XCConfigurationList section */
		3A5C9468216CD491002E87E7 /* Build configuration list for PBXProject "LBU25" */ = {
			isa = XCConfigurationList;
			buildConfigurations = (
				3A5C947D216CD492002E87E7 /* Debug */,
				3A5C947E216CD492002E87E7 /* Release */,
			);
			defaultConfigurationIsVisible = 0;
			defaultConfigurationName = Release;
		};
		3A5C947F216CD492002E87E7 /* Build configuration list for PBXNativeTarget "LBU25" */ = {
			isa = XCConfigurationList;
			buildConfigurations = (
				3A5C9480216CD492002E87E7 /* Debug */,
				3A5C9481216CD492002E87E7 /* Release */,
			);
			defaultConfigurationIsVisible = 0;
			defaultConfigurationName = Release;
		};
/* End XCConfigurationList section */
	};
	rootObject = 3A5C9465216CD491002E87E7 /* Project object */;
}
